
Microsoft Visual Studio Solution File, Format Version 12.00
# Visual Studio Version 17
VisualStudioVersion = 17.3.32901.215
MinimumVisualStudioVersion = 10.0.40219.1
Project("{FAE04EC0-301F-11D3-BF4B-00C04F79EFBC}") = "math sinifi-847", "math sinifi-847\math sinifi-847.csproj", "{E380DF1E-7B4B-4EF4-96EF-2C17EE7EF571}"
EndProject
Global
	GlobalSection(SolutionConfigurationPlatforms) = preSolution
		Debug|Any CPU = Debug|Any CPU
		Release|Any CPU = Release|Any CPU
	EndGlobalSection
	GlobalSection(ProjectConfigurationPlatforms) = postSolution
		{E380DF1E-7B4B-4EF4-96EF-2C17EE7EF571}.Debug|Any CPU.ActiveCfg = Debug|Any CPU
		{E380DF1E-7B4B-4EF4-96EF-2C17EE7EF571}.Debug|Any CPU.Build.0 = Debug|Any CPU
		{E380DF1E-7B4B-4EF4-96EF-2C17EE7EF571}.Release|Any CPU.ActiveCfg = Release|Any CPU
		{E380DF1E-7B4B-4EF4-96EF-2C17EE7EF571}.Release|Any CPU.Build.0 = Release|Any CPU
	EndGlobalSection
	GlobalSection(SolutionProperties) = preSolution
		HideSolutionNode = FALSE
	EndGlobalSection
	GlobalSection(ExtensibilityGlobals) = postSolution
		SolutionGuid = {4A4B41CE-E5D4-4E0D-A069-6C0F70A8B0F0}
	EndGlobalSection
EndGlobal
